
Microsoft Visual Studio Solution File, Format Version 12.00
# Visual Studio Version 16
VisualStudioVersion = 16.0.29709.97
MinimumVisualStudioVersion = 10.0.40219.1
Project("{9A19103F-16F7-4668-BE54-9A1E7A4F7556}") = "Hospital_API", "Hospital_API\Hospital_API.csproj", "{6EC91198-8002-4087-91FC-07B46A1B2E8E}"
EndProject
Project("{9A19103F-16F7-4668-BE54-9A1E7A4F7556}") = "Hospital_MVC", "Hospital_MVC\Hospital_MVC.csproj", "{F0A0CCB5-FCF7-4DC8-9B74-2E09C701A3CC}"
EndProject
Global
	GlobalSection(SolutionConfigurationPlatforms) = preSolution
		Debug|Any CPU = Debug|Any CPU
		Release|Any CPU = Release|Any CPU
	EndGlobalSection
	GlobalSection(ProjectConfigurationPlatforms) = postSolution
		{6EC91198-8002-4087-91FC-07B46A1B2E8E}.Debug|Any CPU.ActiveCfg = Debug|Any CPU
		{6EC91198-8002-4087-91FC-07B46A1B2E8E}.Debug|Any CPU.Build.0 = Debug|Any CPU
		{6EC91198-8002-4087-91FC-07B46A1B2E8E}.Release|Any CPU.ActiveCfg = Release|Any CPU
		{6EC91198-8002-4087-91FC-07B46A1B2E8E}.Release|Any CPU.Build.0 = Release|Any CPU
		{F0A0CCB5-FCF7-4DC8-9B74-2E09C701A3CC}.Debug|Any CPU.ActiveCfg = Debug|Any CPU
		{F0A0CCB5-FCF7-4DC8-9B74-2E09C701A3CC}.Debug|Any CPU.Build.0 = Debug|Any CPU
		{F0A0CCB5-FCF7-4DC8-9B74-2E09C701A3CC}.Release|Any CPU.ActiveCfg = Release|Any CPU
		{F0A0CCB5-FCF7-4DC8-9B74-2E09C701A3CC}.Release|Any CPU.Build.0 = Release|Any CPU
	EndGlobalSection
	GlobalSection(SolutionProperties) = preSolution
		HideSolutionNode = FALSE
	EndGlobalSection
	GlobalSection(ExtensibilityGlobals) = postSolution
		SolutionGuid = {3E979E12-4D23-4126-BDA3-83D5DD2E6EF5}
	EndGlobalSection
EndGlobal
